// !$*UTF8*$!
{
	archiveVersion = 1;
	classes = {
	};
	objectVersion = 46;
	objects = {

/* Begin PBXBuildFile section */
		8278221B1D91674E002ACA85 /* AppDelegate.swift in Sources */ = {isa = PBXBuildFile; fileRef = 8278221A1D91674E002ACA85 /* AppDelegate.swift */; };
		8278221E1D91674E002ACA85 /* HitMe.xcdatamodeld in Sources */ = {isa = PBXBuildFile; fileRef = 8278221C1D91674E002ACA85 /* HitMe.xcdatamodeld */; };
		827822201D91674E002ACA85 /* MasterViewController.swift in Sources */ = {isa = PBXBuildFile; fileRef = 8278221F1D91674E002ACA85 /* MasterViewController.swift */; };
		827822221D91674E002ACA85 /* DetailViewController.swift in Sources */ = {isa = PBXBuildFile; fileRef = 827822211D91674E002ACA85 /* DetailViewController.swift */; };
		827822251D91674E002ACA85 /* Main.storyboard in Resources */ = {isa = PBXBuildFile; fileRef = 827822231D91674E002ACA85 /* Main.storyboard */; };
		827822271D91674E002ACA85 /* Assets.xcassets in Resources */ = {isa = PBXBuildFile; fileRef = 827822261D91674E002ACA85 /* Assets.xcassets */; };
		8278222A1D91674E002ACA85 /* LaunchScreen.storyboard in Resources */ = {isa = PBXBuildFile; fileRef = 827822281D91674E002ACA85 /* LaunchScreen.storyboard */; };
/* End PBXBuildFile section */

/* Begin PBXFileReference section */
		827822171D91674E002ACA85 /* HitMe.app */ = {isa = PBXFileReference; explicitFileType = wrapper.application; includeInIndex = 0; path = HitMe.app; sourceTree = BUILT_PRODUCTS_DIR; };
		8278221A1D91674E002ACA85 /* AppDelegate.swift */ = {isa = PBXFileReference; lastKnownFileType = sourcecode.swift; path = AppDelegate.swift; sourceTree = "<group>"; };
		8278221D1D91674E002ACA85 /* HitMe.xcdatamodel */ = {isa = PBXFileReference; lastKnownFileType = wrapper.xcdatamodel; path = HitMe.xcdatamodel; sourceTree = "<group>"; };
		8278221F1D91674E002ACA85 /* MasterViewController.swift */ = {isa = PBXFileReference; lastKnownFileType = sourcecode.swift; path = MasterViewController.swift; sourceTree = "<group>"; };
		827822211D91674E002ACA85 /* DetailViewController.swift */ = {isa = PBXFileReference; lastKnownFileType = sourcecode.swift; path = DetailViewController.swift; sourceTree = "<group>"; };
		827822241D91674E002ACA85 /* Base */ = {isa = PBXFileReference; lastKnownFileType = file.storyboard; name = Base; path = Base.lproj/Main.storyboard; sourceTree = "<group>"; };
		827822261D91674E002ACA85 /* Assets.xcassets */ = {isa = PBXFileReference; lastKnownFileType = folder.assetcatalog; path = Assets.xcassets; sourceTree = "<group>"; };
		827822291D91674E002ACA85 /* Base */ = {isa = PBXFileReference; lastKnownFileType = file.storyboard; name = Base; path = Base.lproj/LaunchScreen.storyboard; sourceTree = "<group>"; };
		8278222B1D91674E002ACA85 /* Info.plist */ = {isa = PBXFileReference; lastKnownFileType = text.plist.xml; path = Info.plist; sourceTree = "<group>"; };
/* End PBXFileReference section */

/* Begin PBXFrameworksBuildPhase section */
		827822141D91674E002ACA85 /* Frameworks */ = {
			isa = PBXFrameworksBuildPhase;
			buildActionMask = 2147483647;
			files = (
			);
			runOnlyForDeploymentPostprocessing = 0;
		};
/* End PBXFrameworksBuildPhase section */

/* Begin PBXGroup section */
		8278220E1D91674E002ACA85 = {
			isa = PBXGroup;
			children = (
				827822191D91674E002ACA85 /* HitMe */,
				827822181D91674E002ACA85 /* Products */,
			);
			sourceTree = "<group>";
		};
		827822181D91674E002ACA85 /* Products */ = {
			isa = PBXGroup;
			children = (
				827822171D91674E002ACA85 /* HitMe.app */,
			);
			name = Products;
			sourceTree = "<group>";
		};
		827822191D91674E002ACA85 /* HitMe */ = {
			isa = PBXGroup;
			children = (
				8278221A1D91674E002ACA85 /* AppDelegate.swift */,
				8278221F1D91674E002ACA85 /* MasterViewController.swift */,
				827822211D91674E002ACA85 /* DetailViewController.swift */,
				827822231D91674E002ACA85 /* Main.storyboard */,
				827822261D91674E002ACA85 /* Assets.xcassets */,
				827822281D91674E002ACA85 /* LaunchScreen.storyboard */,
				8278222B1D91674E002ACA85 /* Info.plist */,
				8278221C1D91674E002ACA85 /* HitMe.xcdatamodeld */,
			);
			path = HitMe;
			sourceTree = "<group>";
		};
/* End PBXGroup section */

/* Begin PBXNativeTarget section */
		827822161D91674E002ACA85 /* HitMe */ = {
			isa = PBXNativeTarget;
			buildConfigurationList = 8278222E1D91674E002ACA85 /* Build configuration list for PBXNativeTarget "HitMe" */;
			buildPhases = (
				827822131D91674E002ACA85 /* Sources */,
				827822141D91674E002ACA85 /* Frameworks */,
				827822151D91674E002ACA85 /* Resources */,
			);
			buildRules = (
			);
			dependencies = (
			);
			name = HitMe;
			productName = HitMe;
			productReference = 827822171D91674E002ACA85 /* HitMe.app */;
			productType = "com.apple.product-type.application";
		};
/* End PBXNativeTarget section */

/* Begin PBXProject section */
		8278220F1D91674E002ACA85 /* Project object */ = {
			isa = PBXProject;
			attributes = {
				LastSwiftUpdateCheck = 0730;
				LastUpgradeCheck = 0730;
				ORGANIZATIONNAME = Swarup_Pattnaik;
				TargetAttributes = {
					827822161D91674E002ACA85 = {
						CreatedOnToolsVersion = 7.3.1;
					};
				};
			};
			buildConfigurationList = 827822121D91674E002ACA85 /* Build configuration list for PBXProject "HitMe" */;
			compatibilityVersion = "Xcode 3.2";
			developmentRegion = English;
			hasScannedForEncodings = 0;
			knownRegions = (
				en,
				Base,
			);
			mainGroup = 8278220E1D91674E002ACA85;
			productRefGroup = 827822181D91674E002ACA85 /* Products */;
			projectDirPath = "";
			projectRoot = "";
			targets = (
				827822161D91674E002ACA85 /* HitMe */,
			);
		};
/* End PBXProject section */

/* Begin PBXResourcesBuildPhase section */
		827822151D91674E002ACA85 /* Resources */ = {
			isa = PBXResourcesBuildPhase;
			buildActionMask = 2147483647;
			files = (
				8278222A1D91674E002ACA85 /* LaunchScreen.storyboard in Resources */,
				827822271D91674E002ACA85 /* Assets.xcassets in Resources */,
				827822251D91674E002ACA85 /* Main.storyboard in Resources */,
			);
			runOnlyForDeploymentPostprocessing = 0;
		};
/* End PBXResourcesBuildPhase section */

/* Begin PBXSourcesBuildPhase section */
		827822131D91674E002ACA85 /* Sources */ = {
			isa = PBXSourcesBuildPhase;
			buildActionMask = 2147483647;
			files = (
				8278221B1D91674E002ACA85 /* AppDelegate.swift in Sources */,
				8278221E1D91674E002ACA85 /* HitMe.xcdatamodeld in Sources */,
				827822201D91674E002ACA85 /* MasterViewController.swift in Sources */,
				827822221D91674E002ACA85 /* DetailViewController.swift in Sources */,
			);
			runOnlyForDeploymentPostprocessing = 0;
		};
/* End PBXSourcesBuildPhase section */

/* Begin PBXVariantGroup section */
		827822231D91674E002ACA85 /* Main.storyboard */ = {
			isa = PBXVariantGroup;
			children = (
				827822241D91674E002ACA85 /* Base */,
			);
			name = Main.storyboard;
			sourceTree = "<group>";
		};
		827822281D91674E002ACA85 /* LaunchScreen.storyboard */ = {
			isa = PBXVariantGroup;
			children = (
				827822291D91674E002ACA85 /* Base */,
			);
			name = LaunchScreen.storyboard;
			sourceTree = "<group>";
		};
/* End PBXVariantGroup section */

/* Begin XCBuildConfiguration section */
		8278222C1D91674E002ACA85 /* Debug */ = {
			isa = XCBuildConfiguration;
			buildSettings = {
				ALWAYS_SEARCH_USER_PATHS = NO;
				CLANG_ANALYZER_NONNULL = YES;
				CLANG_CXX_LANGUAGE_STANDARD = "gnu++0x";
				CLANG_CXX_LIBRARY = "libc++";
				CLANG_ENABLE_MODULES = YES;
				CLANG_ENABLE_OBJC_ARC = YES;
				CLANG_WARN_BOOL_CONVERSION = YES;
				CLANG_WARN_CONSTANT_CONVERSION = YES;
				CLANG_WARN_DIRECT_OBJC_ISA_USAGE = YES_ERROR;
				CLANG_WARN_EMPTY_BODY = YES;
				CLANG_WARN_ENUM_CONVERSION = YES;
				CLANG_WARN_INT_CONVERSION = YES;
				CLANG_WARN_OBJC_ROOT_CLASS = YES_ERROR;
				CLANG_WARN_UNREACHABLE_CODE = YES;
				CLANG_WARN__DUPLICATE_METHOD_MATCH = YES;
				"CODE_SIGN_IDENTITY[sdk=iphoneos*]" = "iPhone Developer";
				COPY_PHASE_STRIP = NO;
				DEBUG_INFORMATION_FORMAT = dwarf;
				ENABLE_STRICT_OBJC_MSGSEND = YES;
				ENABLE_TESTABILITY = YES;
				GCC_C_LANGUAGE_STANDARD = gnu99;
				GCC_DYNAMIC_NO_PIC = NO;
				GCC_NO_COMMON_BLOCKS = YES;
				GCC_OPTIMIZATION_LEVEL = 0;
				GCC_PREPROCESSOR_DEFINITIONS = (
					"DEBUG=1",
					"$(inherited)",
				);
				GCC_WARN_64_TO_32_BIT_CONVERSION = YES;
				GCC_WARN_ABOUT_RETURN_TYPE = YES_ERROR;
				GCC_WARN_UNDECLARED_SELECTOR = YES;
				GCC_WARN_UNINITIALIZED_AUTOS = YES_AGGRESSIVE;
				GCC_WARN_UNUSED_FUNCTION = YES;
				GCC_WARN_UNUSED_VARIABLE = YES;
				IPHONEOS_DEPLOYMENT_TARGET = 9.3;
				MTL_ENABLE_DEBUG_INFO = YES;
				ONLY_ACTIVE_ARCH = YES;
				SDKROOT = iphoneos;
				SWIFT_OPTIMIZATION_LEVEL = "-Onone";
				TARGETED_DEVICE_FAMILY = "1,2";
			};
			name = Debug;
		};
		8278222D1D91674E002ACA85 /* Release */ = {
			isa = XCBuildConfiguration;
			buildSettings = {
				ALWAYS_SEARCH_USER_PATHS = NO;
				CLANG_ANALYZER_NONNULL = YES;
				CLANG_CXX_LANGUAGE_STANDARD = "gnu++0x";
				CLANG_CXX_LIBRARY = "libc++";
				CLANG_ENABLE_MODULES = YES;
				CLANG_ENABLE_OBJC_ARC = YES;
				CLANG_WARN_BOOL_CONVERSION = YES;
				CLANG_WARN_CONSTANT_CONVERSION = YES;
				CLANG_WARN_DIRECT_OBJC_ISA_USAGE = YES_ERROR;
				CLANG_WARN_EMPTY_BODY = YES;
				CLANG_WARN_ENUM_CONVERSION = YES;
				CLANG_WARN_INT_CONVERSION = YES;
				CLANG_WARN_OBJC_ROOT_CLASS = YES_ERROR;
				CLANG_WARN_UNREACHABLE_CODE = YES;
				CLANG_WARN__DUPLICATE_METHOD_MATCH = YES;
				"CODE_SIGN_IDENTITY[sdk=iphoneos*]" = "iPhone Developer";
				COPY_PHASE_STRIP = NO;
				DEBUG_INFORMATION_FORMAT = "dwarf-with-dsym";
				ENABLE_NS_ASSERTIONS = NO;
				ENABLE_STRICT_OBJC_MSGSEND = YES;
				GCC_C_LANGUAGE_STANDARD = gnu99;
				GCC_NO_COMMON_BLOCKS = YES;
				GCC_WARN_64_TO_32_BIT_CONVERSION = YES;
				GCC_WARN_ABOUT_RETURN_TYPE = YES_ERROR;
				GCC_WARN_UNDECLARED_SELECTOR = YES;
				GCC_WARN_UNINITIALIZED_AUTOS = YES_AGGRESSIVE;
				GCC_WARN_UNUSED_FUNCTION = YES;
				GCC_WARN_UNUSED_VARIABLE = YES;
				IPHONEOS_DEPLOYMENT_TARGET = 9.3;
				MTL_ENABLE_DEBUG_INFO = NO;
				SDKROOT = iphoneos;
				TARGETED_DEVICE_FAMILY = "1,2";
				VALIDATE_PRODUCT = YES;
			};
			name = Release;
		};
		8278222F1D91674E002ACA85 /* Debug */ = {
			isa = XCBuildConfiguration;
			buildSettings = {
				ASSETCATALOG_COMPILER_APPICON_NAME = AppIcon;
				INFOPLIST_FILE = HitMe/Info.plist;
				LD_RUNPATH_SEARCH_PATHS = "$(inherited) @executable_path/Frameworks";
				PRODUCT_BUNDLE_IDENTIFIER = com.SP.HitMe;
				PRODUCT_NAME = "$(TARGET_NAME)";
			};
			name = Debug;
		};
		827822301D91674E002ACA85 /* Release */ = {
			isa = XCBuildConfiguration;
			buildSettings = {
				ASSETCATALOG_COMPILER_APPICON_NAME = AppIcon;
				INFOPLIST_FILE = HitMe/Info.plist;
				LD_RUNPATH_SEARCH_PATHS = "$(inherited) @executable_path/Frameworks";
				PRODUCT_BUNDLE_IDENTIFIER = com.SP.HitMe;
				PRODUCT_NAME = "$(TARGET_NAME)";
			};
			name = Release;
		};
/* End XCBuildConfiguration section */

/* Begin XCConfigurationList section */
		827822121D91674E002ACA85 /* Build configuration list for PBXProject "HitMe" */ = {
			isa = XCConfigurationList;
			buildConfigurations = (
				8278222C1D91674E002ACA85 /* Debug */,
				8278222D1D91674E002ACA85 /* Release */,
			);
			defaultConfigurationIsVisible = 0;
			defaultConfigurationName = Release;
		};
		8278222E1D91674E002ACA85 /* Build configuration list for PBXNativeTarget "HitMe" */ = {
			isa = XCConfigurationList;
			buildConfigurations = (
				8278222F1D91674E002ACA85 /* Debug */,
				827822301D91674E002ACA85 /* Release */,
			);
			defaultConfigurationIsVisible = 0;
		};
/* End XCConfigurationList section */

/* Begin XCVersionGroup section */
		8278221C1D91674E002ACA85 /* HitMe.xcdatamodeld */ = {
			isa = XCVersionGroup;
			children = (
				8278221D1D91674E002ACA85 /* HitMe.xcdatamodel */,
			);
			currentVersion = 8278221D1D91674E002ACA85 /* HitMe.xcdatamodel */;
			path = HitMe.xcdatamodeld;
			sourceTree = "<group>";
			versionGroupType = wrapper.xcdatamodel;
		};
/* End XCVersionGroup section */
	};
	rootObject = 8278220F1D91674E002ACA85 /* Project object */;
}
